{
    "version": 3,
    "terraform_version": "0.11.13",
    "serial": 13,
    "lineage": "67ddc5a2-c922-666c-6fbe-54811ef5d9b9",
    "modules": [
        {
            "path": [
                "root"
            ],
            "outputs": {},
            "resources": {
                "aws_instance.myinstance": {
                    "type": "aws_instance",
                    "depends_on": [
                        "aws_security_group.mysg",
                        "aws_subnet.mysubnet"
                    ],
                    "primary": {
                        "id": "i-0b0f55f982d8d4707",
                        "attributes": {
                            "ami": "ami-0a313d6098716f372",
                            "arn": "arn:aws:ec2:us-east-1:103206564170:instance/i-0b0f55f982d8d4707",
                            "associate_public_ip_address": "true",
                            "availability_zone": "us-east-1d",
                            "cpu_core_count": "1",
                            "cpu_threads_per_core": "1",
                            "credit_specification.#": "1",
                            "credit_specification.0.cpu_credits": "standard",
                            "disable_api_termination": "false",
                            "ebs_block_device.#": "0",
                            "ebs_optimized": "false",
                            "ephemeral_block_device.#": "0",
                            "get_password_data": "false",
                            "iam_instance_profile": "",
                            "id": "i-0b0f55f982d8d4707",
                            "instance_state": "running",
                            "instance_type": "t2.micro",
                            "ipv6_address_count": "0",
                            "ipv6_addresses.#": "0",
                            "key_name": "KeyName",
                            "monitoring": "false",
                            "network_interface.#": "0",
                            "password_data": "",
                            "placement_group": "",
                            "primary_network_interface_id": "eni-0f21759b04ff6c10e",
                            "private_dns": "ip-10-15-0-228.ec2.internal",
                            "private_ip": "10.15.0.228",
                            "public_dns": "",
                            "public_ip": "54.175.114.62",
                            "root_block_device.#": "1",
                            "root_block_device.0.delete_on_termination": "true",
                            "root_block_device.0.iops": "100",
                            "root_block_device.0.volume_id": "vol-05d4646dbf2662538",
                            "root_block_device.0.volume_size": "8",
                            "root_block_device.0.volume_type": "gp2",
                            "security_groups.#": "0",
                            "source_dest_check": "true",
                            "subnet_id": "subnet-08e54ffd67309db1d",
                            "tags.%": "1",
                            "tags.Name": "myinstance",
                            "tenancy": "default",
                            "volume_tags.%": "0",
                            "vpc_security_group_ids.#": "1",
                            "vpc_security_group_ids.1418892264": "sg-0cff52b5880bfc9e6"
                        },
                        "meta": {
                            "e2bfb730-ecaa-11e6-8f88-34363bc7c4c0": {
                                "create": 600000000000,
                                "delete": 1200000000000,
                                "update": 600000000000
                            },
                            "schema_version": "1"
                        },
                        "tainted": false
                    },
                    "deposed": [],
                    "provider": "provider.aws"
                },
                "aws_internet_gateway.myigw": {
                    "type": "aws_internet_gateway",
                    "depends_on": [
                        "aws_vpc.MyVpc"
                    ],
                    "primary": {
                        "id": "igw-06096ace3387cd743",
                        "attributes": {
                            "id": "igw-06096ace3387cd743",
                            "owner_id": "103206564170",
                            "tags.%": "1",
                            "tags.Name": "myigw",
                            "vpc_id": "vpc-0b2db92dd1bf665ba"
                        },
                        "meta": {},
                        "tainted": false
                    },
                    "deposed": [],
                    "provider": "provider.aws"
                },
                "aws_route_table.myrt": {
                    "type": "aws_route_table",
                    "depends_on": [
                        "aws_internet_gateway.myigw",
                        "aws_vpc.MyVpc"
                    ],
                    "primary": {
                        "id": "rtb-08917d4155540c1b2",
                        "attributes": {
                            "id": "rtb-08917d4155540c1b2",
                            "owner_id": "103206564170",
                            "propagating_vgws.#": "0",
                            "route.#": "1",
                            "route.1718956114.cidr_block": "0.0.0.0/0",
                            "route.1718956114.egress_only_gateway_id": "",
                            "route.1718956114.gateway_id": "igw-06096ace3387cd743",
                            "route.1718956114.instance_id": "",
                            "route.1718956114.ipv6_cidr_block": "",
                            "route.1718956114.nat_gateway_id": "",
                            "route.1718956114.network_interface_id": "",
                            "route.1718956114.transit_gateway_id": "",
                            "route.1718956114.vpc_peering_connection_id": "",
                            "tags.%": "1",
                            "tags.Name": "myrt",
                            "vpc_id": "vpc-0b2db92dd1bf665ba"
                        },
                        "meta": {},
                        "tainted": false
                    },
                    "deposed": [],
                    "provider": "provider.aws"
                },
                "aws_route_table_association.myasso": {
                    "type": "aws_route_table_association",
                    "depends_on": [
                        "aws_route_table.myrt",
                        "aws_subnet.mysubnet"
                    ],
                    "primary": {
                        "id": "rtbassoc-08caa48267c950326",
                        "attributes": {
                            "id": "rtbassoc-08caa48267c950326",
                            "route_table_id": "rtb-08917d4155540c1b2",
                            "subnet_id": "subnet-08e54ffd67309db1d"
                        },
                        "meta": {},
                        "tainted": false
                    },
                    "deposed": [],
                    "provider": "provider.aws"
                },
                "aws_security_group.mysg": {
                    "type": "aws_security_group",
                    "depends_on": [
                        "aws_vpc.MyVpc"
                    ],
                    "primary": {
                        "id": "sg-0cff52b5880bfc9e6",
                        "attributes": {
                            "arn": "arn:aws:ec2:us-east-1:103206564170:security-group/sg-0cff52b5880bfc9e6",
                            "description": "Managed by Terraform",
                            "egress.#": "1",
                            "egress.482069346.cidr_blocks.#": "1",
                            "egress.482069346.cidr_blocks.0": "0.0.0.0/0",
                            "egress.482069346.description": "",
                            "egress.482069346.from_port": "0",
                            "egress.482069346.ipv6_cidr_blocks.#": "0",
                            "egress.482069346.prefix_list_ids.#": "0",
                            "egress.482069346.protocol": "-1",
                            "egress.482069346.security_groups.#": "0",
                            "egress.482069346.self": "false",
                            "egress.482069346.to_port": "0",
                            "id": "sg-0cff52b5880bfc9e6",
                            "ingress.#": "1",
                            "ingress.482069346.cidr_blocks.#": "1",
                            "ingress.482069346.cidr_blocks.0": "0.0.0.0/0",
                            "ingress.482069346.description": "",
                            "ingress.482069346.from_port": "0",
                            "ingress.482069346.ipv6_cidr_blocks.#": "0",
                            "ingress.482069346.prefix_list_ids.#": "0",
                            "ingress.482069346.protocol": "-1",
                            "ingress.482069346.security_groups.#": "0",
                            "ingress.482069346.self": "false",
                            "ingress.482069346.to_port": "0",
                            "name": "musg",
                            "owner_id": "103206564170",
                            "revoke_rules_on_delete": "false",
                            "tags.%": "1",
                            "tags.Name": "mysg",
                            "vpc_id": "vpc-0b2db92dd1bf665ba"
                        },
                        "meta": {
                            "e2bfb730-ecaa-11e6-8f88-34363bc7c4c0": {
                                "create": 600000000000,
                                "delete": 600000000000
                            },
                            "schema_version": "1"
                        },
                        "tainted": false
                    },
                    "deposed": [],
                    "provider": "provider.aws"
                },
                "aws_subnet.mysubnet": {
                    "type": "aws_subnet",
                    "depends_on": [
                        "aws_vpc.MyVpc"
                    ],
                    "primary": {
                        "id": "subnet-08e54ffd67309db1d",
                        "attributes": {
                            "arn": "arn:aws:ec2:us-east-1:103206564170:subnet/subnet-08e54ffd67309db1d",
                            "assign_ipv6_address_on_creation": "false",
                            "availability_zone": "us-east-1d",
                            "availability_zone_id": "use1-az4",
                            "cidr_block": "10.15.0.0/24",
                            "id": "subnet-08e54ffd67309db1d",
                            "ipv6_cidr_block": "",
                            "ipv6_cidr_block_association_id": "",
                            "map_public_ip_on_launch": "false",
                            "owner_id": "103206564170",
                            "tags.%": "1",
                            "tags.Name": "mysubnet",
                            "vpc_id": "vpc-0b2db92dd1bf665ba"
                        },
                        "meta": {
                            "e2bfb730-ecaa-11e6-8f88-34363bc7c4c0": {
                                "create": 600000000000,
                                "delete": 600000000000
                            },
                            "schema_version": "1"
                        },
                        "tainted": false
                    },
                    "deposed": [],
                    "provider": "provider.aws"
                },
                "aws_vpc.MyVpc": {
                    "type": "aws_vpc",
                    "depends_on": [],
                    "primary": {
                        "id": "vpc-0b2db92dd1bf665ba",
                        "attributes": {
                            "arn": "arn:aws:ec2:us-east-1:103206564170:vpc/vpc-0b2db92dd1bf665ba",
                            "assign_generated_ipv6_cidr_block": "false",
                            "cidr_block": "10.15.0.0/16",
                            "default_network_acl_id": "acl-068c9495e55c848bb",
                            "default_route_table_id": "rtb-089031f56b88a311c",
                            "default_security_group_id": "sg-091fadaeaaef6d9ad",
                            "dhcp_options_id": "dopt-04be6dbfcea55ce55",
                            "enable_classiclink": "false",
                            "enable_classiclink_dns_support": "false",
                            "enable_dns_hostnames": "false",
                            "enable_dns_support": "true",
                            "id": "vpc-0b2db92dd1bf665ba",
                            "instance_tenancy": "default",
                            "ipv6_association_id": "",
                            "ipv6_cidr_block": "",
                            "main_route_table_id": "rtb-089031f56b88a311c",
                            "owner_id": "103206564170",
                            "tags.%": "1",
                            "tags.Name": "MyVpc"
                        },
                        "meta": {
                            "schema_version": "1"
                        },
                        "tainted": false
                    },
                    "deposed": [],
                    "provider": "provider.aws"
                }
            },
            "depends_on": []
        }
    ]
}
